
Microsoft Visual Studio Solution File, Format Version 12.00
# Visual Studio Version 17
VisualStudioVersion = 17.9.34902.65
MinimumVisualStudioVersion = 10.0.40219.1
Project("{FAE04EC0-301F-11D3-BF4B-00C04F79EFBC}") = "FootballersApi", "FootballersApi\FootballersApi.csproj", "{1F9111B5-E8E8-46B0-AA4A-BBA7DA9AAFB5}"
EndProject
Global
	GlobalSection(SolutionConfigurationPlatforms) = preSolution
		Debug|Any CPU = Debug|Any CPU
		Release|Any CPU = Release|Any CPU
	EndGlobalSection
	GlobalSection(ProjectConfigurationPlatforms) = postSolution
		{1F9111B5-E8E8-46B0-AA4A-BBA7DA9AAFB5}.Debug|Any CPU.ActiveCfg = Debug|Any CPU
		{1F9111B5-E8E8-46B0-AA4A-BBA7DA9AAFB5}.Debug|Any CPU.Build.0 = Debug|Any CPU
		{1F9111B5-E8E8-46B0-AA4A-BBA7DA9AAFB5}.Release|Any CPU.ActiveCfg = Release|Any CPU
		{1F9111B5-E8E8-46B0-AA4A-BBA7DA9AAFB5}.Release|Any CPU.Build.0 = Release|Any CPU
	EndGlobalSection
	GlobalSection(SolutionProperties) = preSolution
		HideSolutionNode = FALSE
	EndGlobalSection
	GlobalSection(ExtensibilityGlobals) = postSolution
		SolutionGuid = {65CF756D-9F13-4F48-9BC1-AFD27558FAE5}
	EndGlobalSection
EndGlobal
